
Microsoft Visual Studio Solution File, Format Version 12.00
# Visual Studio Version 17
VisualStudioVersion = 17.2.32526.322
MinimumVisualStudioVersion = 10.0.40219.1
Project("{2150E333-8FDC-42A3-9474-1A3956D46DE8}") = "web", "web", "{87642E47-A7F6-4390-ABFB-355CFB8DDA6A}"
EndProject
Project("{2150E333-8FDC-42A3-9474-1A3956D46DE8}") = "database", "database", "{1A1BA88F-2DF7-4BE1-A61C-6C93AD0D8B97}"
EndProject
Project("{9A19103F-16F7-4668-BE54-9A1E7A4F7556}") = "FMFT.Web.Shared", "web\Shared\FMFT.Web.Shared.csproj", "{46FC4D9D-F833-461F-8B29-C3FFFE481288}"
EndProject
Project("{9A19103F-16F7-4668-BE54-9A1E7A4F7556}") = "FMFT.Web.Client", "web\Client\FMFT.Web.Client.csproj", "{D27DBD56-FA00-464C-BDE8-F5F22CD69A5D}"
EndProject
Project("{9A19103F-16F7-4668-BE54-9A1E7A4F7556}") = "FMFT.Web.Server", "web\Server\FMFT.Web.Server.csproj", "{CC94C226-FFD4-457A-94AE-45F79D92809C}"
EndProject
Project("{00D1A9C2-B5F0-4AF3-8072-F6C62B433612}") = "FMFT.Database", "database\FMFT.Database.sqlproj", "{B16EFD75-CC38-4547-B61E-66CE0F3DDCE2}"
EndProject
Project("{2150E333-8FDC-42A3-9474-1A3956D46DE8}") = "extensions", "extensions", "{A7DBB44D-AE92-4CA3-B5F4-D55C422CC8EF}"
EndProject
Project("{2150E333-8FDC-42A3-9474-1A3956D46DE8}") = "authentication", "authentication", "{2ABE41D4-2658-42C4-BEDF-E4D28C58BC5B}"
EndProject
Project("{9A19103F-16F7-4668-BE54-9A1E7A4F7556}") = "FMFT.Extensions.Authentication.Server", "extensions\authentication\Server\FMFT.Extensions.Authentication.Server.csproj", "{7400C446-905A-4017-98B3-174EEF58E37A}"
EndProject
Project("{9A19103F-16F7-4668-BE54-9A1E7A4F7556}") = "FMFT.Extensions.Authentication.Client", "extensions\authentication\Client\FMFT.Extensions.Authentication.Client.csproj", "{73C02973-03AF-4A9E-99C0-C2414BC48598}"
EndProject
Project("{9A19103F-16F7-4668-BE54-9A1E7A4F7556}") = "FMFT.Extensions.Authentication.Shared", "extensions\authentication\Shared\FMFT.Extensions.Authentication.Shared.csproj", "{7828C967-476C-41FD-9D91-C5582EF476C7}"
EndProject
Global
	GlobalSection(SolutionConfigurationPlatforms) = preSolution
		Debug|Any CPU = Debug|Any CPU
		Release|Any CPU = Release|Any CPU
	EndGlobalSection
	GlobalSection(ProjectConfigurationPlatforms) = postSolution
		{46FC4D9D-F833-461F-8B29-C3FFFE481288}.Debug|Any CPU.ActiveCfg = Debug|Any CPU
		{46FC4D9D-F833-461F-8B29-C3FFFE481288}.Debug|Any CPU.Build.0 = Debug|Any CPU
		{46FC4D9D-F833-461F-8B29-C3FFFE481288}.Release|Any CPU.ActiveCfg = Release|Any CPU
		{46FC4D9D-F833-461F-8B29-C3FFFE481288}.Release|Any CPU.Build.0 = Release|Any CPU
		{D27DBD56-FA00-464C-BDE8-F5F22CD69A5D}.Debug|Any CPU.ActiveCfg = Debug|Any CPU
		{D27DBD56-FA00-464C-BDE8-F5F22CD69A5D}.Debug|Any CPU.Build.0 = Debug|Any CPU
		{D27DBD56-FA00-464C-BDE8-F5F22CD69A5D}.Release|Any CPU.ActiveCfg = Release|Any CPU
		{D27DBD56-FA00-464C-BDE8-F5F22CD69A5D}.Release|Any CPU.Build.0 = Release|Any CPU
		{CC94C226-FFD4-457A-94AE-45F79D92809C}.Debug|Any CPU.ActiveCfg = Debug|Any CPU
		{CC94C226-FFD4-457A-94AE-45F79D92809C}.Debug|Any CPU.Build.0 = Debug|Any CPU
		{CC94C226-FFD4-457A-94AE-45F79D92809C}.Release|Any CPU.ActiveCfg = Release|Any CPU
		{CC94C226-FFD4-457A-94AE-45F79D92809C}.Release|Any CPU.Build.0 = Release|Any CPU
		{B16EFD75-CC38-4547-B61E-66CE0F3DDCE2}.Debug|Any CPU.ActiveCfg = Debug|Any CPU
		{B16EFD75-CC38-4547-B61E-66CE0F3DDCE2}.Debug|Any CPU.Build.0 = Debug|Any CPU
		{B16EFD75-CC38-4547-B61E-66CE0F3DDCE2}.Debug|Any CPU.Deploy.0 = Debug|Any CPU
		{B16EFD75-CC38-4547-B61E-66CE0F3DDCE2}.Release|Any CPU.ActiveCfg = Release|Any CPU
		{B16EFD75-CC38-4547-B61E-66CE0F3DDCE2}.Release|Any CPU.Build.0 = Release|Any CPU
		{B16EFD75-CC38-4547-B61E-66CE0F3DDCE2}.Release|Any CPU.Deploy.0 = Release|Any CPU
		{7400C446-905A-4017-98B3-174EEF58E37A}.Debug|Any CPU.ActiveCfg = Debug|Any CPU
		{7400C446-905A-4017-98B3-174EEF58E37A}.Debug|Any CPU.Build.0 = Debug|Any CPU
		{7400C446-905A-4017-98B3-174EEF58E37A}.Release|Any CPU.ActiveCfg = Release|Any CPU
		{7400C446-905A-4017-98B3-174EEF58E37A}.Release|Any CPU.Build.0 = Release|Any CPU
		{73C02973-03AF-4A9E-99C0-C2414BC48598}.Debug|Any CPU.ActiveCfg = Debug|Any CPU
		{73C02973-03AF-4A9E-99C0-C2414BC48598}.Debug|Any CPU.Build.0 = Debug|Any CPU
		{73C02973-03AF-4A9E-99C0-C2414BC48598}.Release|Any CPU.ActiveCfg = Release|Any CPU
		{73C02973-03AF-4A9E-99C0-C2414BC48598}.Release|Any CPU.Build.0 = Release|Any CPU
		{7828C967-476C-41FD-9D91-C5582EF476C7}.Debug|Any CPU.ActiveCfg = Debug|Any CPU
		{7828C967-476C-41FD-9D91-C5582EF476C7}.Debug|Any CPU.Build.0 = Debug|Any CPU
		{7828C967-476C-41FD-9D91-C5582EF476C7}.Release|Any CPU.ActiveCfg = Release|Any CPU
		{7828C967-476C-41FD-9D91-C5582EF476C7}.Release|Any CPU.Build.0 = Release|Any CPU
	EndGlobalSection
	GlobalSection(SolutionProperties) = preSolution
		HideSolutionNode = FALSE
	EndGlobalSection
	GlobalSection(NestedProjects) = preSolution
		{46FC4D9D-F833-461F-8B29-C3FFFE481288} = {87642E47-A7F6-4390-ABFB-355CFB8DDA6A}
		{D27DBD56-FA00-464C-BDE8-F5F22CD69A5D} = {87642E47-A7F6-4390-ABFB-355CFB8DDA6A}
		{CC94C226-FFD4-457A-94AE-45F79D92809C} = {87642E47-A7F6-4390-ABFB-355CFB8DDA6A}
		{B16EFD75-CC38-4547-B61E-66CE0F3DDCE2} = {1A1BA88F-2DF7-4BE1-A61C-6C93AD0D8B97}
		{2ABE41D4-2658-42C4-BEDF-E4D28C58BC5B} = {A7DBB44D-AE92-4CA3-B5F4-D55C422CC8EF}
		{7400C446-905A-4017-98B3-174EEF58E37A} = {2ABE41D4-2658-42C4-BEDF-E4D28C58BC5B}
		{73C02973-03AF-4A9E-99C0-C2414BC48598} = {2ABE41D4-2658-42C4-BEDF-E4D28C58BC5B}
		{7828C967-476C-41FD-9D91-C5582EF476C7} = {2ABE41D4-2658-42C4-BEDF-E4D28C58BC5B}
	EndGlobalSection
	GlobalSection(ExtensibilityGlobals) = postSolution
		SolutionGuid = {81FEE0D1-B373-4D86-8197-E4065AEF25AD}
	EndGlobalSection
EndGlobal
