
Microsoft Visual Studio Solution File, Format Version 12.00
# Visual Studio Version 17
VisualStudioVersion = 17.2.32526.322
MinimumVisualStudioVersion = 10.0.40219.1
Project("{2150E333-8FDC-42A3-9474-1A3956D46DE8}") = "web", "web", "{87642E47-A7F6-4390-ABFB-355CFB8DDA6A}"
EndProject
Project("{2150E333-8FDC-42A3-9474-1A3956D46DE8}") = "database", "database", "{1A1BA88F-2DF7-4BE1-A61C-6C93AD0D8B97}"
EndProject
Project("{9A19103F-16F7-4668-BE54-9A1E7A4F7556}") = "FMFT.Web.Server", "web\Server\FMFT.Web.Server.csproj", "{CC94C226-FFD4-457A-94AE-45F79D92809C}"
EndProject
Project("{00D1A9C2-B5F0-4AF3-8072-F6C62B433612}") = "FMFT.Database", "database\FMFT.Database.sqlproj", "{B16EFD75-CC38-4547-B61E-66CE0F3DDCE2}"
EndProject
Project("{2150E333-8FDC-42A3-9474-1A3956D46DE8}") = "extensions", "extensions", "{A7DBB44D-AE92-4CA3-B5F4-D55C422CC8EF}"
EndProject
Project("{9A19103F-16F7-4668-BE54-9A1E7A4F7556}") = "FMFT.Extensions.Authentication", "extensions\Authentication\FMFT.Extensions.Authentication.csproj", "{D498CFF9-A818-45B6-91A9-D46B17D5D7B3}"
EndProject
Project("{9A19103F-16F7-4668-BE54-9A1E7A4F7556}") = "FMFT.Web.Shared", "web\Shared\FMFT.Web.Shared.csproj", "{33FEF99C-DC6D-43D7-B845-83CD68C48964}"
EndProject
Project("{2150E333-8FDC-42A3-9474-1A3956D46DE8}") = "external", "external", "{326C3CBE-52EB-4C07-8FB9-71445804200B}"
EndProject
Project("{9A19103F-16F7-4668-BE54-9A1E7A4F7556}") = "RESTFulSense.WebAssembly", "external\RESTFulSense.WebAssembly\RESTFulSense.WebAssembly.csproj", "{A0E688DB-48FC-450C-A787-845947E7A91C}"
EndProject
Project("{9A19103F-16F7-4668-BE54-9A1E7A4F7556}") = "FMFT.Extensions.TheStandard", "extensions\TheStandard\FMFT.Extensions.TheStandard.csproj", "{28302EF4-6A4B-4258-980B-33C9623408A5}"
EndProject
Project("{9A19103F-16F7-4668-BE54-9A1E7A4F7556}") = "FMFT.Web.Client", "web\Client\FMFT.Web.Client.csproj", "{2FDB496C-1D45-4B29-ABC9-D945BC8BA8AD}"
EndProject
Project("{9A19103F-16F7-4668-BE54-9A1E7A4F7556}") = "FMFT.Web.ClientOld", "web\ClientOld\FMFT.Web.ClientOld.csproj", "{DBCCE913-97F7-44AC-ACBB-FD41F7D2750D}"
EndProject
Project("{2150E333-8FDC-42A3-9474-1A3956D46DE8}") = "blazor", "blazor", "{D7DF90A7-6221-4CCF-90E2-E5E06B3B57A6}"
EndProject
Project("{9A19103F-16F7-4668-BE54-9A1E7A4F7556}") = "FMFT.Extensions.Blazor.DataTables", "extensions\blazor\DataTables\FMFT.Extensions.Blazor.DataTables.csproj", "{07EF5B1C-E3E4-47E5-9D21-0F02857ECA49}"
EndProject
Project("{9A19103F-16F7-4668-BE54-9A1E7A4F7556}") = "FMFT.Extensions.Blazor.Bases", "extensions\blazor\Bases\FMFT.Extensions.Blazor.Bases.csproj", "{E4003F1D-7638-4ED3-876C-2950A29FFB4F}"
EndProject
Global
	GlobalSection(SolutionConfigurationPlatforms) = preSolution
		Debug|Any CPU = Debug|Any CPU
		Release|Any CPU = Release|Any CPU
	EndGlobalSection
	GlobalSection(ProjectConfigurationPlatforms) = postSolution
		{CC94C226-FFD4-457A-94AE-45F79D92809C}.Debug|Any CPU.ActiveCfg = Debug|Any CPU
		{CC94C226-FFD4-457A-94AE-45F79D92809C}.Debug|Any CPU.Build.0 = Debug|Any CPU
		{CC94C226-FFD4-457A-94AE-45F79D92809C}.Release|Any CPU.ActiveCfg = Release|Any CPU
		{CC94C226-FFD4-457A-94AE-45F79D92809C}.Release|Any CPU.Build.0 = Release|Any CPU
		{B16EFD75-CC38-4547-B61E-66CE0F3DDCE2}.Debug|Any CPU.ActiveCfg = Debug|Any CPU
		{B16EFD75-CC38-4547-B61E-66CE0F3DDCE2}.Debug|Any CPU.Build.0 = Debug|Any CPU
		{B16EFD75-CC38-4547-B61E-66CE0F3DDCE2}.Debug|Any CPU.Deploy.0 = Debug|Any CPU
		{B16EFD75-CC38-4547-B61E-66CE0F3DDCE2}.Release|Any CPU.ActiveCfg = Release|Any CPU
		{B16EFD75-CC38-4547-B61E-66CE0F3DDCE2}.Release|Any CPU.Build.0 = Release|Any CPU
		{B16EFD75-CC38-4547-B61E-66CE0F3DDCE2}.Release|Any CPU.Deploy.0 = Release|Any CPU
		{D498CFF9-A818-45B6-91A9-D46B17D5D7B3}.Debug|Any CPU.ActiveCfg = Debug|Any CPU
		{D498CFF9-A818-45B6-91A9-D46B17D5D7B3}.Debug|Any CPU.Build.0 = Debug|Any CPU
		{D498CFF9-A818-45B6-91A9-D46B17D5D7B3}.Release|Any CPU.ActiveCfg = Release|Any CPU
		{D498CFF9-A818-45B6-91A9-D46B17D5D7B3}.Release|Any CPU.Build.0 = Release|Any CPU
		{33FEF99C-DC6D-43D7-B845-83CD68C48964}.Debug|Any CPU.ActiveCfg = Debug|Any CPU
		{33FEF99C-DC6D-43D7-B845-83CD68C48964}.Debug|Any CPU.Build.0 = Debug|Any CPU
		{33FEF99C-DC6D-43D7-B845-83CD68C48964}.Release|Any CPU.ActiveCfg = Release|Any CPU
		{33FEF99C-DC6D-43D7-B845-83CD68C48964}.Release|Any CPU.Build.0 = Release|Any CPU
		{A0E688DB-48FC-450C-A787-845947E7A91C}.Debug|Any CPU.ActiveCfg = Debug|Any CPU
		{A0E688DB-48FC-450C-A787-845947E7A91C}.Debug|Any CPU.Build.0 = Debug|Any CPU
		{A0E688DB-48FC-450C-A787-845947E7A91C}.Release|Any CPU.ActiveCfg = Release|Any CPU
		{A0E688DB-48FC-450C-A787-845947E7A91C}.Release|Any CPU.Build.0 = Release|Any CPU
		{28302EF4-6A4B-4258-980B-33C9623408A5}.Debug|Any CPU.ActiveCfg = Debug|Any CPU
		{28302EF4-6A4B-4258-980B-33C9623408A5}.Debug|Any CPU.Build.0 = Debug|Any CPU
		{28302EF4-6A4B-4258-980B-33C9623408A5}.Release|Any CPU.ActiveCfg = Release|Any CPU
		{28302EF4-6A4B-4258-980B-33C9623408A5}.Release|Any CPU.Build.0 = Release|Any CPU
		{2FDB496C-1D45-4B29-ABC9-D945BC8BA8AD}.Debug|Any CPU.ActiveCfg = Debug|Any CPU
		{2FDB496C-1D45-4B29-ABC9-D945BC8BA8AD}.Debug|Any CPU.Build.0 = Debug|Any CPU
		{2FDB496C-1D45-4B29-ABC9-D945BC8BA8AD}.Release|Any CPU.ActiveCfg = Release|Any CPU
		{2FDB496C-1D45-4B29-ABC9-D945BC8BA8AD}.Release|Any CPU.Build.0 = Release|Any CPU
		{DBCCE913-97F7-44AC-ACBB-FD41F7D2750D}.Debug|Any CPU.ActiveCfg = Debug|Any CPU
		{DBCCE913-97F7-44AC-ACBB-FD41F7D2750D}.Debug|Any CPU.Build.0 = Debug|Any CPU
		{DBCCE913-97F7-44AC-ACBB-FD41F7D2750D}.Release|Any CPU.ActiveCfg = Release|Any CPU
		{DBCCE913-97F7-44AC-ACBB-FD41F7D2750D}.Release|Any CPU.Build.0 = Release|Any CPU
		{07EF5B1C-E3E4-47E5-9D21-0F02857ECA49}.Debug|Any CPU.ActiveCfg = Debug|Any CPU
		{07EF5B1C-E3E4-47E5-9D21-0F02857ECA49}.Debug|Any CPU.Build.0 = Debug|Any CPU
		{07EF5B1C-E3E4-47E5-9D21-0F02857ECA49}.Release|Any CPU.ActiveCfg = Release|Any CPU
		{07EF5B1C-E3E4-47E5-9D21-0F02857ECA49}.Release|Any CPU.Build.0 = Release|Any CPU
		{E4003F1D-7638-4ED3-876C-2950A29FFB4F}.Debug|Any CPU.ActiveCfg = Debug|Any CPU
		{E4003F1D-7638-4ED3-876C-2950A29FFB4F}.Debug|Any CPU.Build.0 = Debug|Any CPU
		{E4003F1D-7638-4ED3-876C-2950A29FFB4F}.Release|Any CPU.ActiveCfg = Release|Any CPU
		{E4003F1D-7638-4ED3-876C-2950A29FFB4F}.Release|Any CPU.Build.0 = Release|Any CPU
	EndGlobalSection
	GlobalSection(SolutionProperties) = preSolution
		HideSolutionNode = FALSE
	EndGlobalSection
	GlobalSection(NestedProjects) = preSolution
		{CC94C226-FFD4-457A-94AE-45F79D92809C} = {87642E47-A7F6-4390-ABFB-355CFB8DDA6A}
		{B16EFD75-CC38-4547-B61E-66CE0F3DDCE2} = {1A1BA88F-2DF7-4BE1-A61C-6C93AD0D8B97}
		{D498CFF9-A818-45B6-91A9-D46B17D5D7B3} = {A7DBB44D-AE92-4CA3-B5F4-D55C422CC8EF}
		{33FEF99C-DC6D-43D7-B845-83CD68C48964} = {87642E47-A7F6-4390-ABFB-355CFB8DDA6A}
		{A0E688DB-48FC-450C-A787-845947E7A91C} = {326C3CBE-52EB-4C07-8FB9-71445804200B}
		{28302EF4-6A4B-4258-980B-33C9623408A5} = {A7DBB44D-AE92-4CA3-B5F4-D55C422CC8EF}
		{2FDB496C-1D45-4B29-ABC9-D945BC8BA8AD} = {87642E47-A7F6-4390-ABFB-355CFB8DDA6A}
		{DBCCE913-97F7-44AC-ACBB-FD41F7D2750D} = {87642E47-A7F6-4390-ABFB-355CFB8DDA6A}
		{D7DF90A7-6221-4CCF-90E2-E5E06B3B57A6} = {A7DBB44D-AE92-4CA3-B5F4-D55C422CC8EF}
		{07EF5B1C-E3E4-47E5-9D21-0F02857ECA49} = {D7DF90A7-6221-4CCF-90E2-E5E06B3B57A6}
		{E4003F1D-7638-4ED3-876C-2950A29FFB4F} = {D7DF90A7-6221-4CCF-90E2-E5E06B3B57A6}
	EndGlobalSection
	GlobalSection(ExtensibilityGlobals) = postSolution
		SolutionGuid = {81FEE0D1-B373-4D86-8197-E4065AEF25AD}
	EndGlobalSection
EndGlobal
