
Microsoft Visual Studio Solution File, Format Version 12.00
# Visual Studio Version 17
VisualStudioVersion = 17.2.32526.322
MinimumVisualStudioVersion = 10.0.40219.1
Project("{2150E333-8FDC-42A3-9474-1A3956D46DE8}") = "web", "web", "{87642E47-A7F6-4390-ABFB-355CFB8DDA6A}"
EndProject
Project("{2150E333-8FDC-42A3-9474-1A3956D46DE8}") = "database", "database", "{1A1BA88F-2DF7-4BE1-A61C-6C93AD0D8B97}"
EndProject
Project("{9A19103F-16F7-4668-BE54-9A1E7A4F7556}") = "FMFT.Web.Client", "web\Client\FMFT.Web.Client.csproj", "{D27DBD56-FA00-464C-BDE8-F5F22CD69A5D}"
EndProject
Project("{9A19103F-16F7-4668-BE54-9A1E7A4F7556}") = "FMFT.Web.Server", "web\Server\FMFT.Web.Server.csproj", "{CC94C226-FFD4-457A-94AE-45F79D92809C}"
EndProject
Project("{00D1A9C2-B5F0-4AF3-8072-F6C62B433612}") = "FMFT.Database", "database\FMFT.Database.sqlproj", "{B16EFD75-CC38-4547-B61E-66CE0F3DDCE2}"
EndProject
Project("{2150E333-8FDC-42A3-9474-1A3956D46DE8}") = "extensions", "extensions", "{A7DBB44D-AE92-4CA3-B5F4-D55C422CC8EF}"
EndProject
Project("{9A19103F-16F7-4668-BE54-9A1E7A4F7556}") = "FMFT.Extensions.Authentication", "extensions\Authentication\FMFT.Extensions.Authentication.csproj", "{D498CFF9-A818-45B6-91A9-D46B17D5D7B3}"
EndProject
Project("{9A19103F-16F7-4668-BE54-9A1E7A4F7556}") = "FMFT.Web.Shared", "web\Shared\FMFT.Web.Shared.csproj", "{33FEF99C-DC6D-43D7-B845-83CD68C48964}"
EndProject
Project("{9A19103F-16F7-4668-BE54-9A1E7A4F7556}") = "FMFT.Extensions.DataTables", "extensions\DataTables\FMFT.Extensions.DataTables.csproj", "{E74A9EAE-2EB5-4109-B941-A11F3AFAE36C}"
EndProject
Project("{2150E333-8FDC-42A3-9474-1A3956D46DE8}") = "external", "external", "{326C3CBE-52EB-4C07-8FB9-71445804200B}"
EndProject
Project("{9A19103F-16F7-4668-BE54-9A1E7A4F7556}") = "RESTFulSense.WebAssembly", "external\RESTFulSense.WebAssembly\RESTFulSense.WebAssembly.csproj", "{A0E688DB-48FC-450C-A787-845947E7A91C}"
EndProject
Project("{9A19103F-16F7-4668-BE54-9A1E7A4F7556}") = "FMFT.Extensions.Exceptions", "extensions\Exceptions\FMFT.Extensions.Exceptions.csproj", "{4CB13F23-31F8-404A-BCB5-DC06B0DB61F1}"
EndProject
Global
	GlobalSection(SolutionConfigurationPlatforms) = preSolution
		Debug|Any CPU = Debug|Any CPU
		Release|Any CPU = Release|Any CPU
	EndGlobalSection
	GlobalSection(ProjectConfigurationPlatforms) = postSolution
		{D27DBD56-FA00-464C-BDE8-F5F22CD69A5D}.Debug|Any CPU.ActiveCfg = Debug|Any CPU
		{D27DBD56-FA00-464C-BDE8-F5F22CD69A5D}.Debug|Any CPU.Build.0 = Debug|Any CPU
		{D27DBD56-FA00-464C-BDE8-F5F22CD69A5D}.Release|Any CPU.ActiveCfg = Release|Any CPU
		{D27DBD56-FA00-464C-BDE8-F5F22CD69A5D}.Release|Any CPU.Build.0 = Release|Any CPU
		{CC94C226-FFD4-457A-94AE-45F79D92809C}.Debug|Any CPU.ActiveCfg = Debug|Any CPU
		{CC94C226-FFD4-457A-94AE-45F79D92809C}.Debug|Any CPU.Build.0 = Debug|Any CPU
		{CC94C226-FFD4-457A-94AE-45F79D92809C}.Release|Any CPU.ActiveCfg = Release|Any CPU
		{CC94C226-FFD4-457A-94AE-45F79D92809C}.Release|Any CPU.Build.0 = Release|Any CPU
		{B16EFD75-CC38-4547-B61E-66CE0F3DDCE2}.Debug|Any CPU.ActiveCfg = Debug|Any CPU
		{B16EFD75-CC38-4547-B61E-66CE0F3DDCE2}.Debug|Any CPU.Build.0 = Debug|Any CPU
		{B16EFD75-CC38-4547-B61E-66CE0F3DDCE2}.Debug|Any CPU.Deploy.0 = Debug|Any CPU
		{B16EFD75-CC38-4547-B61E-66CE0F3DDCE2}.Release|Any CPU.ActiveCfg = Release|Any CPU
		{B16EFD75-CC38-4547-B61E-66CE0F3DDCE2}.Release|Any CPU.Build.0 = Release|Any CPU
		{B16EFD75-CC38-4547-B61E-66CE0F3DDCE2}.Release|Any CPU.Deploy.0 = Release|Any CPU
		{D498CFF9-A818-45B6-91A9-D46B17D5D7B3}.Debug|Any CPU.ActiveCfg = Debug|Any CPU
		{D498CFF9-A818-45B6-91A9-D46B17D5D7B3}.Debug|Any CPU.Build.0 = Debug|Any CPU
		{D498CFF9-A818-45B6-91A9-D46B17D5D7B3}.Release|Any CPU.ActiveCfg = Release|Any CPU
		{D498CFF9-A818-45B6-91A9-D46B17D5D7B3}.Release|Any CPU.Build.0 = Release|Any CPU
		{33FEF99C-DC6D-43D7-B845-83CD68C48964}.Debug|Any CPU.ActiveCfg = Debug|Any CPU
		{33FEF99C-DC6D-43D7-B845-83CD68C48964}.Debug|Any CPU.Build.0 = Debug|Any CPU
		{33FEF99C-DC6D-43D7-B845-83CD68C48964}.Release|Any CPU.ActiveCfg = Release|Any CPU
		{33FEF99C-DC6D-43D7-B845-83CD68C48964}.Release|Any CPU.Build.0 = Release|Any CPU
		{E74A9EAE-2EB5-4109-B941-A11F3AFAE36C}.Debug|Any CPU.ActiveCfg = Debug|Any CPU
		{E74A9EAE-2EB5-4109-B941-A11F3AFAE36C}.Debug|Any CPU.Build.0 = Debug|Any CPU
		{E74A9EAE-2EB5-4109-B941-A11F3AFAE36C}.Release|Any CPU.ActiveCfg = Release|Any CPU
		{E74A9EAE-2EB5-4109-B941-A11F3AFAE36C}.Release|Any CPU.Build.0 = Release|Any CPU
		{A0E688DB-48FC-450C-A787-845947E7A91C}.Debug|Any CPU.ActiveCfg = Debug|Any CPU
		{A0E688DB-48FC-450C-A787-845947E7A91C}.Debug|Any CPU.Build.0 = Debug|Any CPU
		{A0E688DB-48FC-450C-A787-845947E7A91C}.Release|Any CPU.ActiveCfg = Release|Any CPU
		{A0E688DB-48FC-450C-A787-845947E7A91C}.Release|Any CPU.Build.0 = Release|Any CPU
		{4CB13F23-31F8-404A-BCB5-DC06B0DB61F1}.Debug|Any CPU.ActiveCfg = Debug|Any CPU
		{4CB13F23-31F8-404A-BCB5-DC06B0DB61F1}.Debug|Any CPU.Build.0 = Debug|Any CPU
		{4CB13F23-31F8-404A-BCB5-DC06B0DB61F1}.Release|Any CPU.ActiveCfg = Release|Any CPU
		{4CB13F23-31F8-404A-BCB5-DC06B0DB61F1}.Release|Any CPU.Build.0 = Release|Any CPU
	EndGlobalSection
	GlobalSection(SolutionProperties) = preSolution
		HideSolutionNode = FALSE
	EndGlobalSection
	GlobalSection(NestedProjects) = preSolution
		{D27DBD56-FA00-464C-BDE8-F5F22CD69A5D} = {87642E47-A7F6-4390-ABFB-355CFB8DDA6A}
		{CC94C226-FFD4-457A-94AE-45F79D92809C} = {87642E47-A7F6-4390-ABFB-355CFB8DDA6A}
		{B16EFD75-CC38-4547-B61E-66CE0F3DDCE2} = {1A1BA88F-2DF7-4BE1-A61C-6C93AD0D8B97}
		{D498CFF9-A818-45B6-91A9-D46B17D5D7B3} = {A7DBB44D-AE92-4CA3-B5F4-D55C422CC8EF}
		{33FEF99C-DC6D-43D7-B845-83CD68C48964} = {87642E47-A7F6-4390-ABFB-355CFB8DDA6A}
		{E74A9EAE-2EB5-4109-B941-A11F3AFAE36C} = {A7DBB44D-AE92-4CA3-B5F4-D55C422CC8EF}
		{A0E688DB-48FC-450C-A787-845947E7A91C} = {326C3CBE-52EB-4C07-8FB9-71445804200B}
		{4CB13F23-31F8-404A-BCB5-DC06B0DB61F1} = {A7DBB44D-AE92-4CA3-B5F4-D55C422CC8EF}
	EndGlobalSection
	GlobalSection(ExtensibilityGlobals) = postSolution
		SolutionGuid = {81FEE0D1-B373-4D86-8197-E4065AEF25AD}
	EndGlobalSection
EndGlobal
